
Microsoft Visual Studio Solution File, Format Version 12.00
# Visual Studio 14
VisualStudioVersion = 14.0.25420.1
MinimumVisualStudioVersion = 10.0.40219.1
Project("{FAE04EC0-301F-11D3-BF4B-00C04F79EFBC}") = "AppTransformacion", "AppTransformacion\AppTransformacion.csproj", "{D4DA4589-450C-4416-A904-C90A93FF4F79}"
EndProject
Project("{2150E333-8FDC-42A3-9474-1A3956D46DE8}") = "1View", "1View", "{0F8FE6FA-0C0A-4C22-A42E-88262764D9A5}"
EndProject
Project("{2150E333-8FDC-42A3-9474-1A3956D46DE8}") = "2Interface", "2Interface", "{62940B8A-39EB-4750-8524-93934DC45DAA}"
EndProject
Project("{2150E333-8FDC-42A3-9474-1A3956D46DE8}") = "3Presenter", "3Presenter", "{89A577FB-9982-4633-9C9B-64CB9025229F}"
EndProject
Project("{2150E333-8FDC-42A3-9474-1A3956D46DE8}") = "4Data", "4Data", "{6D7A5833-A87E-4566-813F-C039B4B425B2}"
EndProject
Global
	GlobalSection(SolutionConfigurationPlatforms) = preSolution
		Debug|Any CPU = Debug|Any CPU
		Release|Any CPU = Release|Any CPU
	EndGlobalSection
	GlobalSection(ProjectConfigurationPlatforms) = postSolution
		{D4DA4589-450C-4416-A904-C90A93FF4F79}.Debug|Any CPU.ActiveCfg = Debug|Any CPU
		{D4DA4589-450C-4416-A904-C90A93FF4F79}.Debug|Any CPU.Build.0 = Debug|Any CPU
		{D4DA4589-450C-4416-A904-C90A93FF4F79}.Release|Any CPU.ActiveCfg = Release|Any CPU
		{D4DA4589-450C-4416-A904-C90A93FF4F79}.Release|Any CPU.Build.0 = Release|Any CPU
	EndGlobalSection
	GlobalSection(SolutionProperties) = preSolution
		HideSolutionNode = FALSE
	EndGlobalSection
EndGlobal
